
Microsoft Visual Studio Solution File, Format Version 12.00
# Visual Studio Version 17
VisualStudioVersion = 17.3.32929.385
MinimumVisualStudioVersion = 10.0.40219.1
Project("{FAE04EC0-301F-11D3-BF4B-00C04F79EFBC}") = "JokeWebApp_Tut", "JokeWebApp_Tut.csproj", "{AADCFAAE-436F-4496-A53B-4FCAB2D5A7FB}"
EndProject
Global
	GlobalSection(SolutionConfigurationPlatforms) = preSolution
		Debug|Any CPU = Debug|Any CPU
		Release|Any CPU = Release|Any CPU
	EndGlobalSection
	GlobalSection(ProjectConfigurationPlatforms) = postSolution
		{AADCFAAE-436F-4496-A53B-4FCAB2D5A7FB}.Debug|Any CPU.ActiveCfg = Debug|Any CPU
		{AADCFAAE-436F-4496-A53B-4FCAB2D5A7FB}.Debug|Any CPU.Build.0 = Debug|Any CPU
		{AADCFAAE-436F-4496-A53B-4FCAB2D5A7FB}.Release|Any CPU.ActiveCfg = Release|Any CPU
		{AADCFAAE-436F-4496-A53B-4FCAB2D5A7FB}.Release|Any CPU.Build.0 = Release|Any CPU
	EndGlobalSection
	GlobalSection(SolutionProperties) = preSolution
		HideSolutionNode = FALSE
	EndGlobalSection
	GlobalSection(ExtensibilityGlobals) = postSolution
		SolutionGuid = {26B0125F-E034-493B-A8ED-28C5387FCEDC}
	EndGlobalSection
EndGlobal
